// !$*UTF8*$!
{
	archiveVersion = 1;
	classes = {
	};
	objectVersion = 50;
	objects = {

/* Begin PBXBuildFile section */
		EAAA4718230D533E001ADDB2 /* AppDelegate.swift in Sources */ = {isa = PBXBuildFile; fileRef = EAAA4717230D533E001ADDB2 /* AppDelegate.swift */; };
		EAAA471F230D5340001ADDB2 /* Assets.xcassets in Resources */ = {isa = PBXBuildFile; fileRef = EAAA471E230D5340001ADDB2 /* Assets.xcassets */; };
		EAAA4722230D5340001ADDB2 /* LaunchScreen.storyboard in Resources */ = {isa = PBXBuildFile; fileRef = EAAA4720230D5340001ADDB2 /* LaunchScreen.storyboard */; };
		EAAA4738230E2932001ADDB2 /* MainViewController.swift in Sources */ = {isa = PBXBuildFile; fileRef = EAAA4737230E2932001ADDB2 /* MainViewController.swift */; };
		EAAA473C230E37A8001ADDB2 /* MainViewController.xib in Resources */ = {isa = PBXBuildFile; fileRef = EAAA473B230E37A8001ADDB2 /* MainViewController.xib */; };
		EAF6E9E5230F8013002DF738 /* JZLogger.framework in Frameworks */ = {isa = PBXBuildFile; fileRef = EAAA472F230D5353001ADDB2 /* JZLogger.framework */; };
		EAF6E9E6230F8021002DF738 /* JZLogger.framework in Frameworks */ = {isa = PBXBuildFile; fileRef = EAAA472F230D5353001ADDB2 /* JZLogger.framework */; };
		EAF6E9E7230F8021002DF738 /* JZLogger.framework in Embed Frameworks */ = {isa = PBXBuildFile; fileRef = EAAA472F230D5353001ADDB2 /* JZLogger.framework */; settings = {ATTRIBUTES = (CodeSignOnCopy, RemoveHeadersOnCopy, ); }; };
/* End PBXBuildFile section */

/* Begin PBXContainerItemProxy section */
		EAAA472E230D5353001ADDB2 /* PBXContainerItemProxy */ = {
			isa = PBXContainerItemProxy;
			containerPortal = EAAA4729230D5353001ADDB2 /* JZLogger.xcodeproj */;
			proxyType = 2;
			remoteGlobalIDString = EA4B5AA1230B9C8B00A441D0;
			remoteInfo = JZLogger;
		};
		EAAA4730230D5353001ADDB2 /* PBXContainerItemProxy */ = {
			isa = PBXContainerItemProxy;
			containerPortal = EAAA4729230D5353001ADDB2 /* JZLogger.xcodeproj */;
			proxyType = 2;
			remoteGlobalIDString = EA4B5AAA230B9C8B00A441D0;
			remoteInfo = JZLoggerTests;
		};
		EAAA476D230EA088001ADDB2 /* PBXContainerItemProxy */ = {
			isa = PBXContainerItemProxy;
			containerPortal = EAAA4729230D5353001ADDB2 /* JZLogger.xcodeproj */;
			proxyType = 2;
			remoteGlobalIDString = EAAA4759230E62AF001ADDB2;
			remoteInfo = Resource;
		};
		EAF6E9E8230F8021002DF738 /* PBXContainerItemProxy */ = {
			isa = PBXContainerItemProxy;
			containerPortal = EAAA4729230D5353001ADDB2 /* JZLogger.xcodeproj */;
			proxyType = 1;
			remoteGlobalIDString = EA4B5AA0230B9C8B00A441D0;
			remoteInfo = JZLogger;
		};
/* End PBXContainerItemProxy section */

/* Begin PBXCopyFilesBuildPhase section */
		EAF6E9EA230F8021002DF738 /* Embed Frameworks */ = {
			isa = PBXCopyFilesBuildPhase;
			buildActionMask = 2147483647;
			dstPath = "";
			dstSubfolderSpec = 10;
			files = (
				EAF6E9E7230F8021002DF738 /* JZLogger.framework in Embed Frameworks */,
			);
			name = "Embed Frameworks";
			runOnlyForDeploymentPostprocessing = 0;
		};
/* End PBXCopyFilesBuildPhase section */

/* Begin PBXFileReference section */
		EAAA4714230D533E001ADDB2 /* LoggerDemo.app */ = {isa = PBXFileReference; explicitFileType = wrapper.application; includeInIndex = 0; path = LoggerDemo.app; sourceTree = BUILT_PRODUCTS_DIR; };
		EAAA4717230D533E001ADDB2 /* AppDelegate.swift */ = {isa = PBXFileReference; lastKnownFileType = sourcecode.swift; path = AppDelegate.swift; sourceTree = "<group>"; };
		EAAA471E230D5340001ADDB2 /* Assets.xcassets */ = {isa = PBXFileReference; lastKnownFileType = folder.assetcatalog; path = Assets.xcassets; sourceTree = "<group>"; };
		EAAA4721230D5340001ADDB2 /* Base */ = {isa = PBXFileReference; lastKnownFileType = file.storyboard; name = Base; path = Base.lproj/LaunchScreen.storyboard; sourceTree = "<group>"; };
		EAAA4723230D5340001ADDB2 /* Info.plist */ = {isa = PBXFileReference; lastKnownFileType = text.plist.xml; path = Info.plist; sourceTree = "<group>"; };
		EAAA4729230D5353001ADDB2 /* JZLogger.xcodeproj */ = {isa = PBXFileReference; lastKnownFileType = "wrapper.pb-project"; name = JZLogger.xcodeproj; path = ../JZLogger.xcodeproj; sourceTree = "<group>"; };
		EAAA4737230E2932001ADDB2 /* MainViewController.swift */ = {isa = PBXFileReference; lastKnownFileType = sourcecode.swift; path = MainViewController.swift; sourceTree = "<group>"; };
		EAAA473B230E37A8001ADDB2 /* MainViewController.xib */ = {isa = PBXFileReference; lastKnownFileType = file.xib; path = MainViewController.xib; sourceTree = "<group>"; };
/* End PBXFileReference section */

/* Begin PBXFrameworksBuildPhase section */
		EAAA4711230D533E001ADDB2 /* Frameworks */ = {
			isa = PBXFrameworksBuildPhase;
			buildActionMask = 2147483647;
			files = (
				EAF6E9E6230F8021002DF738 /* JZLogger.framework in Frameworks */,
				EAF6E9E5230F8013002DF738 /* JZLogger.framework in Frameworks */,
			);
			runOnlyForDeploymentPostprocessing = 0;
		};
/* End PBXFrameworksBuildPhase section */

/* Begin PBXGroup section */
		EAAA470B230D533E001ADDB2 = {
			isa = PBXGroup;
			children = (
				EAAA4729230D5353001ADDB2 /* JZLogger.xcodeproj */,
				EAAA4716230D533E001ADDB2 /* LoggerDemo */,
				EAAA4715230D533E001ADDB2 /* Products */,
				EAAA4733230D5497001ADDB2 /* Frameworks */,
			);
			sourceTree = "<group>";
		};
		EAAA4715230D533E001ADDB2 /* Products */ = {
			isa = PBXGroup;
			children = (
				EAAA4714230D533E001ADDB2 /* LoggerDemo.app */,
			);
			name = Products;
			sourceTree = "<group>";
		};
		EAAA4716230D533E001ADDB2 /* LoggerDemo */ = {
			isa = PBXGroup;
			children = (
				EAAA4717230D533E001ADDB2 /* AppDelegate.swift */,
				EAAA4737230E2932001ADDB2 /* MainViewController.swift */,
				EAAA473B230E37A8001ADDB2 /* MainViewController.xib */,
				EAAA4720230D5340001ADDB2 /* LaunchScreen.storyboard */,
				EAAA4723230D5340001ADDB2 /* Info.plist */,
				EAAA471E230D5340001ADDB2 /* Assets.xcassets */,
			);
			path = LoggerDemo;
			sourceTree = "<group>";
		};
		EAAA472A230D5353001ADDB2 /* Products */ = {
			isa = PBXGroup;
			children = (
				EAAA472F230D5353001ADDB2 /* JZLogger.framework */,
				EAAA4731230D5353001ADDB2 /* JZLoggerTests.xctest */,
				EAAA476E230EA088001ADDB2 /* Resource.bundle */,
			);
			name = Products;
			sourceTree = "<group>";
		};
		EAAA4733230D5497001ADDB2 /* Frameworks */ = {
			isa = PBXGroup;
			children = (
			);
			name = Frameworks;
			sourceTree = "<group>";
		};
/* End PBXGroup section */

/* Begin PBXNativeTarget section */
		EAAA4713230D533E001ADDB2 /* LoggerDemo */ = {
			isa = PBXNativeTarget;
			buildConfigurationList = EAAA4726230D5340001ADDB2 /* Build configuration list for PBXNativeTarget "LoggerDemo" */;
			buildPhases = (
				EAAA4710230D533E001ADDB2 /* Sources */,
				EAAA4711230D533E001ADDB2 /* Frameworks */,
				EAAA4712230D533E001ADDB2 /* Resources */,
				EAF6E9EA230F8021002DF738 /* Embed Frameworks */,
			);
			buildRules = (
			);
			dependencies = (
				EAF6E9E9230F8021002DF738 /* PBXTargetDependency */,
			);
			name = LoggerDemo;
			productName = LoggerDemo;
			productReference = EAAA4714230D533E001ADDB2 /* LoggerDemo.app */;
			productType = "com.apple.product-type.application";
		};
/* End PBXNativeTarget section */

/* Begin PBXProject section */
		EAAA470C230D533E001ADDB2 /* Project object */ = {
			isa = PBXProject;
			attributes = {
				LastSwiftUpdateCheck = 1020;
				LastUpgradeCheck = 1020;
				ORGANIZATIONNAME = JonorZhang;
				TargetAttributes = {
					EAAA4713230D533E001ADDB2 = {
						CreatedOnToolsVersion = 10.2.1;
					};
				};
			};
			buildConfigurationList = EAAA470F230D533E001ADDB2 /* Build configuration list for PBXProject "LoggerDemo" */;
			compatibilityVersion = "Xcode 9.3";
			developmentRegion = en;
			hasScannedForEncodings = 0;
			knownRegions = (
				en,
				Base,
			);
			mainGroup = EAAA470B230D533E001ADDB2;
			productRefGroup = EAAA4715230D533E001ADDB2 /* Products */;
			projectDirPath = "";
			projectReferences = (
				{
					ProductGroup = EAAA472A230D5353001ADDB2 /* Products */;
					ProjectRef = EAAA4729230D5353001ADDB2 /* JZLogger.xcodeproj */;
				},
			);
			projectRoot = "";
			targets = (
				EAAA4713230D533E001ADDB2 /* LoggerDemo */,
			);
		};
/* End PBXProject section */

/* Begin PBXReferenceProxy section */
		EAAA472F230D5353001ADDB2 /* JZLogger.framework */ = {
			isa = PBXReferenceProxy;
			fileType = wrapper.framework;
			path = JZLogger.framework;
			remoteRef = EAAA472E230D5353001ADDB2 /* PBXContainerItemProxy */;
			sourceTree = BUILT_PRODUCTS_DIR;
		};
		EAAA4731230D5353001ADDB2 /* JZLoggerTests.xctest */ = {
			isa = PBXReferenceProxy;
			fileType = wrapper.cfbundle;
			path = JZLoggerTests.xctest;
			remoteRef = EAAA4730230D5353001ADDB2 /* PBXContainerItemProxy */;
			sourceTree = BUILT_PRODUCTS_DIR;
		};
		EAAA476E230EA088001ADDB2 /* Resource.bundle */ = {
			isa = PBXReferenceProxy;
			fileType = wrapper.cfbundle;
			path = Resource.bundle;
			remoteRef = EAAA476D230EA088001ADDB2 /* PBXContainerItemProxy */;
			sourceTree = BUILT_PRODUCTS_DIR;
		};
/* End PBXReferenceProxy section */

/* Begin PBXResourcesBuildPhase section */
		EAAA4712230D533E001ADDB2 /* Resources */ = {
			isa = PBXResourcesBuildPhase;
			buildActionMask = 2147483647;
			files = (
				EAAA4722230D5340001ADDB2 /* LaunchScreen.storyboard in Resources */,
				EAAA471F230D5340001ADDB2 /* Assets.xcassets in Resources */,
				EAAA473C230E37A8001ADDB2 /* MainViewController.xib in Resources */,
			);
			runOnlyForDeploymentPostprocessing = 0;
		};
/* End PBXResourcesBuildPhase section */

/* Begin PBXSourcesBuildPhase section */
		EAAA4710230D533E001ADDB2 /* Sources */ = {
			isa = PBXSourcesBuildPhase;
			buildActionMask = 2147483647;
			files = (
				EAAA4738230E2932001ADDB2 /* MainViewController.swift in Sources */,
				EAAA4718230D533E001ADDB2 /* AppDelegate.swift in Sources */,
			);
			runOnlyForDeploymentPostprocessing = 0;
		};
/* End PBXSourcesBuildPhase section */

/* Begin PBXTargetDependency section */
		EAF6E9E9230F8021002DF738 /* PBXTargetDependency */ = {
			isa = PBXTargetDependency;
			name = JZLogger;
			targetProxy = EAF6E9E8230F8021002DF738 /* PBXContainerItemProxy */;
		};
/* End PBXTargetDependency section */

/* Begin PBXVariantGroup section */
		EAAA4720230D5340001ADDB2 /* LaunchScreen.storyboard */ = {
			isa = PBXVariantGroup;
			children = (
				EAAA4721230D5340001ADDB2 /* Base */,
			);
			name = LaunchScreen.storyboard;
			sourceTree = "<group>";
		};
/* End PBXVariantGroup section */

/* Begin XCBuildConfiguration section */
		EAAA4724230D5340001ADDB2 /* Debug */ = {
			isa = XCBuildConfiguration;
			buildSettings = {
				ALWAYS_SEARCH_USER_PATHS = NO;
				CLANG_ANALYZER_NONNULL = YES;
				CLANG_ANALYZER_NUMBER_OBJECT_CONVERSION = YES_AGGRESSIVE;
				CLANG_CXX_LANGUAGE_STANDARD = "gnu++14";
				CLANG_CXX_LIBRARY = "libc++";
				CLANG_ENABLE_MODULES = YES;
				CLANG_ENABLE_OBJC_ARC = YES;
				CLANG_ENABLE_OBJC_WEAK = YES;
				CLANG_WARN_BLOCK_CAPTURE_AUTORELEASING = YES;
				CLANG_WARN_BOOL_CONVERSION = YES;
				CLANG_WARN_COMMA = YES;
				CLANG_WARN_CONSTANT_CONVERSION = YES;
				CLANG_WARN_DEPRECATED_OBJC_IMPLEMENTATIONS = YES;
				CLANG_WARN_DIRECT_OBJC_ISA_USAGE = YES_ERROR;
				CLANG_WARN_DOCUMENTATION_COMMENTS = YES;
				CLANG_WARN_EMPTY_BODY = YES;
				CLANG_WARN_ENUM_CONVERSION = YES;
				CLANG_WARN_INFINITE_RECURSION = YES;
				CLANG_WARN_INT_CONVERSION = YES;
				CLANG_WARN_NON_LITERAL_NULL_CONVERSION = YES;
				CLANG_WARN_OBJC_IMPLICIT_RETAIN_SELF = YES;
				CLANG_WARN_OBJC_LITERAL_CONVERSION = YES;
				CLANG_WARN_OBJC_ROOT_CLASS = YES_ERROR;
				CLANG_WARN_RANGE_LOOP_ANALYSIS = YES;
				CLANG_WARN_STRICT_PROTOTYPES = YES;
				CLANG_WARN_SUSPICIOUS_MOVE = YES;
				CLANG_WARN_UNGUARDED_AVAILABILITY = YES_AGGRESSIVE;
				CLANG_WARN_UNREACHABLE_CODE = YES;
				CLANG_WARN__DUPLICATE_METHOD_MATCH = YES;
				CODE_SIGN_IDENTITY = "iPhone Developer";
				COPY_PHASE_STRIP = NO;
				DEBUG_INFORMATION_FORMAT = dwarf;
				ENABLE_STRICT_OBJC_MSGSEND = YES;
				ENABLE_TESTABILITY = YES;
				GCC_C_LANGUAGE_STANDARD = gnu11;
				GCC_DYNAMIC_NO_PIC = NO;
				GCC_NO_COMMON_BLOCKS = YES;
				GCC_OPTIMIZATION_LEVEL = 0;
				GCC_PREPROCESSOR_DEFINITIONS = (
					"DEBUG=1",
					"$(inherited)",
				);
				GCC_WARN_64_TO_32_BIT_CONVERSION = YES;
				GCC_WARN_ABOUT_RETURN_TYPE = YES_ERROR;
				GCC_WARN_UNDECLARED_SELECTOR = YES;
				GCC_WARN_UNINITIALIZED_AUTOS = YES_AGGRESSIVE;
				GCC_WARN_UNUSED_FUNCTION = YES;
				GCC_WARN_UNUSED_VARIABLE = YES;
				IPHONEOS_DEPLOYMENT_TARGET = 9.0;
				MTL_ENABLE_DEBUG_INFO = INCLUDE_SOURCE;
				MTL_FAST_MATH = YES;
				ONLY_ACTIVE_ARCH = YES;
				SDKROOT = iphoneos;
				SWIFT_ACTIVE_COMPILATION_CONDITIONS = DEBUG;
				SWIFT_OPTIMIZATION_LEVEL = "-Onone";
			};
			name = Debug;
		};
		EAAA4725230D5340001ADDB2 /* Release */ = {
			isa = XCBuildConfiguration;
			buildSettings = {
				ALWAYS_SEARCH_USER_PATHS = NO;
				CLANG_ANALYZER_NONNULL = YES;
				CLANG_ANALYZER_NUMBER_OBJECT_CONVERSION = YES_AGGRESSIVE;
				CLANG_CXX_LANGUAGE_STANDARD = "gnu++14";
				CLANG_CXX_LIBRARY = "libc++";
				CLANG_ENABLE_MODULES = YES;
				CLANG_ENABLE_OBJC_ARC = YES;
				CLANG_ENABLE_OBJC_WEAK = YES;
				CLANG_WARN_BLOCK_CAPTURE_AUTORELEASING = YES;
				CLANG_WARN_BOOL_CONVERSION = YES;
				CLANG_WARN_COMMA = YES;
				CLANG_WARN_CONSTANT_CONVERSION = YES;
				CLANG_WARN_DEPRECATED_OBJC_IMPLEMENTATIONS = YES;
				CLANG_WARN_DIRECT_OBJC_ISA_USAGE = YES_ERROR;
				CLANG_WARN_DOCUMENTATION_COMMENTS = YES;
				CLANG_WARN_EMPTY_BODY = YES;
				CLANG_WARN_ENUM_CONVERSION = YES;
				CLANG_WARN_INFINITE_RECURSION = YES;
				CLANG_WARN_INT_CONVERSION = YES;
				CLANG_WARN_NON_LITERAL_NULL_CONVERSION = YES;
				CLANG_WARN_OBJC_IMPLICIT_RETAIN_SELF = YES;
				CLANG_WARN_OBJC_LITERAL_CONVERSION = YES;
				CLANG_WARN_OBJC_ROOT_CLASS = YES_ERROR;
				CLANG_WARN_RANGE_LOOP_ANALYSIS = YES;
				CLANG_WARN_STRICT_PROTOTYPES = YES;
				CLANG_WARN_SUSPICIOUS_MOVE = YES;
				CLANG_WARN_UNGUARDED_AVAILABILITY = YES_AGGRESSIVE;
				CLANG_WARN_UNREACHABLE_CODE = YES;
				CLANG_WARN__DUPLICATE_METHOD_MATCH = YES;
				CODE_SIGN_IDENTITY = "iPhone Developer";
				COPY_PHASE_STRIP = NO;
				DEBUG_INFORMATION_FORMAT = "dwarf-with-dsym";
				ENABLE_NS_ASSERTIONS = NO;
				ENABLE_STRICT_OBJC_MSGSEND = YES;
				GCC_C_LANGUAGE_STANDARD = gnu11;
				GCC_NO_COMMON_BLOCKS = YES;
				GCC_WARN_64_TO_32_BIT_CONVERSION = YES;
				GCC_WARN_ABOUT_RETURN_TYPE = YES_ERROR;
				GCC_WARN_UNDECLARED_SELECTOR = YES;
				GCC_WARN_UNINITIALIZED_AUTOS = YES_AGGRESSIVE;
				GCC_WARN_UNUSED_FUNCTION = YES;
				GCC_WARN_UNUSED_VARIABLE = YES;
				IPHONEOS_DEPLOYMENT_TARGET = 9.0;
				MTL_ENABLE_DEBUG_INFO = NO;
				MTL_FAST_MATH = YES;
				SDKROOT = iphoneos;
				SWIFT_COMPILATION_MODE = wholemodule;
				SWIFT_OPTIMIZATION_LEVEL = "-O";
				VALIDATE_PRODUCT = YES;
			};
			name = Release;
		};
		EAAA4727230D5340001ADDB2 /* Debug */ = {
			isa = XCBuildConfiguration;
			buildSettings = {
				ALWAYS_EMBED_SWIFT_STANDARD_LIBRARIES = YES;
				ASSETCATALOG_COMPILER_APPICON_NAME = AppIcon;
				CODE_SIGN_STYLE = Automatic;
				DEVELOPMENT_TEAM = J3FWM26YDF;
				ENABLE_BITCODE = NO;
				INFOPLIST_FILE = LoggerDemo/Info.plist;
				LD_RUNPATH_SEARCH_PATHS = (
					"$(inherited)",
					"@executable_path/Frameworks",
				);
				PRODUCT_BUNDLE_IDENTIFIER = jz.LoggerDemo;
				PRODUCT_NAME = "$(TARGET_NAME)";
				SWIFT_VERSION = 5.0;
				TARGETED_DEVICE_FAMILY = "1,2";
			};
			name = Debug;
		};
		EAAA4728230D5340001ADDB2 /* Release */ = {
			isa = XCBuildConfiguration;
			buildSettings = {
				ALWAYS_EMBED_SWIFT_STANDARD_LIBRARIES = YES;
				ASSETCATALOG_COMPILER_APPICON_NAME = AppIcon;
				CODE_SIGN_STYLE = Automatic;
				DEVELOPMENT_TEAM = J3FWM26YDF;
				ENABLE_BITCODE = NO;
				INFOPLIST_FILE = LoggerDemo/Info.plist;
				LD_RUNPATH_SEARCH_PATHS = (
					"$(inherited)",
					"@executable_path/Frameworks",
				);
				PRODUCT_BUNDLE_IDENTIFIER = jz.LoggerDemo;
				PRODUCT_NAME = "$(TARGET_NAME)";
				SWIFT_VERSION = 5.0;
				TARGETED_DEVICE_FAMILY = "1,2";
			};
			name = Release;
		};
/* End XCBuildConfiguration section */

/* Begin XCConfigurationList section */
		EAAA470F230D533E001ADDB2 /* Build configuration list for PBXProject "LoggerDemo" */ = {
			isa = XCConfigurationList;
			buildConfigurations = (
				EAAA4724230D5340001ADDB2 /* Debug */,
				EAAA4725230D5340001ADDB2 /* Release */,
			);
			defaultConfigurationIsVisible = 0;
			defaultConfigurationName = Release;
		};
		EAAA4726230D5340001ADDB2 /* Build configuration list for PBXNativeTarget "LoggerDemo" */ = {
			isa = XCConfigurationList;
			buildConfigurations = (
				EAAA4727230D5340001ADDB2 /* Debug */,
				EAAA4728230D5340001ADDB2 /* Release */,
			);
			defaultConfigurationIsVisible = 0;
			defaultConfigurationName = Release;
		};
/* End XCConfigurationList section */
	};
	rootObject = EAAA470C230D533E001ADDB2 /* Project object */;
}
